{
  "object": {
    "pins": [
      {
        "package": "Alamofire",
        "repositoryURL": "https://github.com/Alamofire/Alamofire",
        "state": {
          "branch": null,
          "revision": "eaf6e622dd41b07b251d8f01752eab31bc811493",
          "version": "5.4.1"
        }
      },
      {
        "package": "DictionaryCoding",
        "repositoryURL": "https://github.com/elegantchaos/DictionaryCoding",
        "state": {
          "branch": null,
          "revision": "ae19e456bd550fed8f341e5bae4318333c53a5b4",
          "version": "1.0.9"
        }
      },
      {
        "package": "SocketIO",
        "repositoryURL": "https://github.com/socketio/socket.io-client-swift",
        "state": {
          "branch": null,
          "revision": "36db2ff0ebc7239187f9b382fd318e122da71caa",
          "version": "15.2.0"
        }
      },
      {
        "package": "Starscream",
        "repositoryURL": "https://github.com/daltoniam/Starscream",
        "state": {
          "branch": null,
          "revision": "e6b65c6d9077ea48b4a7bdda8994a1d3c6969c8d",
          "version": "3.1.1"
        }
      },
      {
        "package": "swift-nio-zlib-support",
        "repositoryURL": "https://github.com/apple/swift-nio-zlib-support.git",
        "state": {
          "branch": null,
          "revision": "37760e9a52030bb9011972c5213c3350fa9d41fd",
          "version": "1.0.0"
        }
      },
      {
        "package": "URLImage",
        "repositoryURL": "https://github.com/dmytro-anokhin/url-image",
        "state": {
          "branch": null,
          "revision": "d0ee03498e743c0377a8b3211ce8da2e20be1bac",
          "version": "0.9.18"
        }
      }
    ]
  },
  "version": 1
}
